{
    "_readme": [
        "This file locks the dependencies of your project to a known state",
        "Read more about it at https://getcomposer.org/doc/01-basic-usage.md#composer-lock-the-lock-file",
        "This file is @generated automatically"
    ],
    "hash": "d3616781b1b2529dea0da5af9483a313",
    "content-hash": "cc3de76e042ea000cb4e5d0ad06a9045",
    "packages": [
        {
            "name": "phi-application",
            "version": "dev-master",
            "source": {
                "type": "git",
                "url": "https://github.com/ElBiniou/phi-application.git",
                "reference": "8fc0e98efa5cb6ef29da5a4c8c4ad93049c4a73a"
            },
            "dist": {
                "type": "zip",
                "url": "https://api.github.com/repos/ElBiniou/phi-application/zipball/8fc0e98efa5cb6ef29da5a4c8c4ad93049c4a73a",
                "reference": "8fc0e98efa5cb6ef29da5a4c8c4ad93049c4a73a",
                "shasum": ""
            },
            "require": {
                "phi-routing": "dev-master"
            },
            "type": "library",
            "autoload": {
                "psr-4": {
                    "Phi\\Application\\": "source/class"
                },
                "files": []
            },
            "description": "Phi application",
            "support": {
                "source": "https://github.com/ElBiniou/phi-application/tree/master",
                "issues": "https://github.com/ElBiniou/phi-application/issues"
            },
            "time": "2017-06-01 13:08:29"
        },
        {
            "name": "phi-cache",
            "version": "dev-master",
            "source": {
                "type": "git",
                "url": "https://github.com/ElBiniou/phi-cache.git",
                "reference": "449be2bcb3854a0ede14672eeeb688eb451bcd37"
            },
            "dist": {
                "type": "zip",
                "url": "https://api.github.com/repos/ElBiniou/phi-cache/zipball/449be2bcb3854a0ede14672eeeb688eb451bcd37",
                "reference": "449be2bcb3854a0ede14672eeeb688eb451bcd37",
                "shasum": ""
            },
            "type": "library",
            "autoload": {
                "psr-4": {
                    "Phi\\Cache\\": "source"
                },
                "files": []
            },
            "description": "Phi cache",
            "support": {
                "source": "https://github.com/ElBiniou/phi-cache/tree/master",
                "issues": "https://github.com/ElBiniou/phi-cache/issues"
            },
            "time": "2017-06-01 11:21:34"
        },
        {
            "name": "phi-component",
            "version": "dev-master",
            "source": {
                "type": "git",
                "url": "https://github.com/ElBiniou/phi-component.git",
                "reference": "f8a432f3a95c7a79f1182ae747dbd2014db4401d"
            },
            "dist": {
                "type": "zip",
                "url": "https://api.github.com/repos/ElBiniou/phi-component/zipball/f8a432f3a95c7a79f1182ae747dbd2014db4401d",
                "reference": "f8a432f3a95c7a79f1182ae747dbd2014db4401d",
                "shasum": ""
            },
            "type": "library",
            "autoload": {
                "psr-0": {
                    "Mustache": "vendor/mustache/src"
                },
                "psr-4": {
                    "Phi\\Component\\": "source/class"
                },
                "files": []
            },
            "description": "Phi web-components",
            "support": {
                "source": "https://github.com/ElBiniou/phi-component/tree/master",
                "issues": "https://github.com/ElBiniou/phi-component/issues"
            },
            "time": "2017-06-01 13:33:39"
        },
        {
            "name": "phi-database",
            "version": "dev-master",
            "source": {
                "type": "git",
                "url": "https://github.com/ElBiniou/phi-database.git",
                "reference": "7612b7473d6d115b0c0149d239356907d92b7b45"
            },
            "dist": {
                "type": "zip",
                "url": "https://api.github.com/repos/ElBiniou/phi-database/zipball/7612b7473d6d115b0c0149d239356907d92b7b45",
                "reference": "7612b7473d6d115b0c0149d239356907d92b7b45",
                "shasum": ""
            },
            "type": "library",
            "autoload": {
                "psr-4": {
                    "Phi\\Database\\": "source/class"
                },
                "files": []
            },
            "description": "Phi database",
            "support": {
                "source": "https://github.com/ElBiniou/phi-database/tree/master",
                "issues": "https://github.com/ElBiniou/phi-database/issues"
            },
            "time": "2017-06-01 11:34:28"
        },
        {
            "name": "phi-event",
            "version": "dev-master",
            "source": {
                "type": "git",
                "url": "https://github.com/ElBiniou/phi-event.git",
                "reference": "de586ec00c2237e78f3dc6c20153563e8c782ed7"
            },
            "dist": {
                "type": "zip",
                "url": "https://api.github.com/repos/ElBiniou/phi-event/zipball/de586ec00c2237e78f3dc6c20153563e8c782ed7",
                "reference": "de586ec00c2237e78f3dc6c20153563e8c782ed7",
                "shasum": ""
            },
            "type": "library",
            "autoload": {
                "psr-4": {
                    "Phi\\Event\\": "source/class"
                },
                "files": []
            },
            "description": "Phi event",
            "support": {
                "source": "https://github.com/ElBiniou/phi-event/tree/master",
                "issues": "https://github.com/ElBiniou/phi-event/issues"
            },
            "time": "2017-06-01 13:53:02"
        },
        {
            "name": "phi-http",
            "version": "dev-master",
            "source": {
                "type": "git",
                "url": "https://github.com/ElBiniou/phi-http.git",
                "reference": "f8baeda5e5cd7bd1c3c4605ccee3a4c42a10f569"
            },
            "dist": {
                "type": "zip",
                "url": "https://api.github.com/repos/ElBiniou/phi-http/zipball/f8baeda5e5cd7bd1c3c4605ccee3a4c42a10f569",
                "reference": "f8baeda5e5cd7bd1c3c4605ccee3a4c42a10f569",
                "shasum": ""
            },
            "type": "library",
            "autoload": {
                "psr-4": {
                    "Phi\\HTTP\\": "source/class"
                },
                "files": []
            },
            "description": "Phi http",
            "support": {
                "source": "https://github.com/ElBiniou/phi-http/tree/master",
                "issues": "https://github.com/ElBiniou/phi-http/issues"
            },
            "time": "2017-06-01 10:56:10"
        },
        {
            "name": "phi-routing",
            "version": "dev-master",
            "source": {
                "type": "git",
                "url": "https://github.com/ElBiniou/phi-routing.git",
                "reference": "1a1e66cc2c25d21016dcbf6b3999cbe7ff2f3316"
            },
            "dist": {
                "type": "zip",
                "url": "https://api.github.com/repos/ElBiniou/phi-routing/zipball/1a1e66cc2c25d21016dcbf6b3999cbe7ff2f3316",
                "reference": "1a1e66cc2c25d21016dcbf6b3999cbe7ff2f3316",
                "shasum": ""
            },
            "require": {
                "phi-http": "dev-master"
            },
            "type": "library",
            "autoload": {
                "psr-4": {
                    "Phi\\Routing\\": "source/class"
                },
                "files": []
            },
            "description": "Phi routing",
            "support": {
                "source": "https://github.com/ElBiniou/phi-routing/tree/master",
                "issues": "https://github.com/ElBiniou/phi-routing/issues"
            },
            "time": "2017-06-01 11:04:48"
        },
        {
            "name": "phi-session",
            "version": "dev-master",
            "source": {
                "type": "git",
                "url": "https://github.com/ElBiniou/phi-session.git",
                "reference": "89bf2fec0878517de360cee2abeb943941d94290"
            },
            "dist": {
                "type": "zip",
                "url": "https://api.github.com/repos/ElBiniou/phi-session/zipball/89bf2fec0878517de360cee2abeb943941d94290",
                "reference": "89bf2fec0878517de360cee2abeb943941d94290",
                "shasum": ""
            },
            "require": {
                "phi-http": "dev-master"
            },
            "type": "library",
            "autoload": {
                "psr-4": {
                    "Phi\\Session\\": "source/class"
                },
                "files": []
            },
            "description": "Phi session",
            "support": {
                "source": "https://github.com/ElBiniou/phi-session/tree/master",
                "issues": "https://github.com/ElBiniou/phi-session/issues"
            },
            "time": "2017-06-01 11:08:33"
        },
        {
            "name": "phi-storage",
            "version": "dev-master",
            "source": {
                "type": "git",
                "url": "https://github.com/ElBiniou/phi-storage.git",
                "reference": "d6a3d757a8854865e433b88d1359f86e2fbd46c3"
            },
            "dist": {
                "type": "zip",
                "url": "https://api.github.com/repos/ElBiniou/phi-storage/zipball/d6a3d757a8854865e433b88d1359f86e2fbd46c3",
                "reference": "d6a3d757a8854865e433b88d1359f86e2fbd46c3",
                "shasum": ""
            },
            "type": "library",
            "autoload": {
                "psr-4": {
                    "Phi\\Storage\\": "source/class"
                },
                "files": []
            },
            "description": "Phi storage",
            "support": {
                "source": "https://github.com/ElBiniou/phi-storage/tree/master",
                "issues": "https://github.com/ElBiniou/phi-storage/issues"
            },
            "time": "2017-06-01 12:50:57"
        },
        {
            "name": "phi-template",
            "version": "dev-master",
            "source": {
                "type": "git",
                "url": "https://github.com/ElBiniou/phi-template.git",
                "reference": "0342c602b2921fdacbf68cdaf6baff2f47997b74"
            },
            "dist": {
                "type": "zip",
                "url": "https://api.github.com/repos/ElBiniou/phi-template/zipball/0342c602b2921fdacbf68cdaf6baff2f47997b74",
                "reference": "0342c602b2921fdacbf68cdaf6baff2f47997b74",
                "shasum": ""
            },
            "type": "library",
            "autoload": {
                "psr-4": {
                    "Phi\\Template\\": "source/class"
                },
                "files": []
            },
            "description": "Phi template",
            "support": {
                "source": "https://github.com/ElBiniou/phi-template/tree/master",
                "issues": "https://github.com/ElBiniou/phi-template/issues"
            },
            "time": "2017-06-01 17:08:22"
        },
        {
            "name": "phi-traits",
            "version": "dev-master",
            "source": {
                "type": "git",
                "url": "https://github.com/ElBiniou/phi-traits.git",
                "reference": "ae58b07e0082c44363185da8c15d99bdc6e186b5"
            },
            "dist": {
                "type": "zip",
                "url": "https://api.github.com/repos/ElBiniou/phi-traits/zipball/ae58b07e0082c44363185da8c15d99bdc6e186b5",
                "reference": "ae58b07e0082c44363185da8c15d99bdc6e186b5",
                "shasum": ""
            },
            "type": "library",
            "autoload": {
                "psr-4": {
                    "Phi\\Traits\\": "source/class"
                },
                "files": []
            },
            "description": "Usefull traits",
            "support": {
                "source": "https://github.com/ElBiniou/phi-traits/tree/master",
                "issues": "https://github.com/ElBiniou/phi-traits/issues"
            },
            "time": "2017-06-01 14:48:29"
        }
    ],
    "packages-dev": [],
    "aliases": [],
    "minimum-stability": "stable",
    "stability-flags": {
        "phi-traits": 20,
        "phi-routing": 20,
        "phi-http": 20,
        "phi-session": 20,
        "phi-cache": 20,
        "phi-database": 20,
        "phi-storage": 20,
        "phi-event": 20,
        "phi-application": 20,
        "phi-template": 20,
        "phi-component": 20
    },
    "prefer-stable": false,
    "prefer-lowest": false,
    "platform": [],
    "platform-dev": []
}
